
Microsoft Visual Studio Solution File, Format Version 12.00
# Visual Studio Version 16
VisualStudioVersion = 16.0.29920.165
MinimumVisualStudioVersion = 10.0.40219.1
Project("{888888A0-9F3D-457C-B088-3A5042F75D52}") = "Converter", "Converter\Converter.pyproj", "{CD1240E8-79C2-4468-A85B-5F73DDE27FC5}"
EndProject
Global
	GlobalSection(SolutionConfigurationPlatforms) = preSolution
		Debug|Any CPU = Debug|Any CPU
		Release|Any CPU = Release|Any CPU
	EndGlobalSection
	GlobalSection(ProjectConfigurationPlatforms) = postSolution
		{CD1240E8-79C2-4468-A85B-5F73DDE27FC5}.Debug|Any CPU.ActiveCfg = Debug|Any CPU
		{CD1240E8-79C2-4468-A85B-5F73DDE27FC5}.Debug|Any CPU.Build.0 = Debug|Any CPU
		{CD1240E8-79C2-4468-A85B-5F73DDE27FC5}.Release|Any CPU.ActiveCfg = Release|Any CPU
		{CD1240E8-79C2-4468-A85B-5F73DDE27FC5}.Release|Any CPU.Build.0 = Release|Any CPU
	EndGlobalSection
	GlobalSection(SolutionProperties) = preSolution
		HideSolutionNode = FALSE
	EndGlobalSection
	GlobalSection(ExtensibilityGlobals) = postSolution
		SolutionGuid = {A28592BB-A250-4C28-A25A-1C628CD35DDC}
	EndGlobalSection
EndGlobal
